
Microsoft Visual Studio Solution File, Format Version 12.00
# Visual Studio Version 17
VisualStudioVersion = 17.0.31903.59
MinimumVisualStudioVersion = 10.0.40219.1
Project("{9A19103F-16F7-4668-BE54-9A1E7A4F7556}") = "Client", "Client\Client.csproj", "{67A704E4-51B4-481E-B0F0-E3A6BDBB61EC}"
EndProject
Global
	GlobalSection(SolutionConfigurationPlatforms) = preSolution
		Debug|Any CPU = Debug|Any CPU
		Release|Any CPU = Release|Any CPU
	EndGlobalSection
	GlobalSection(ProjectConfigurationPlatforms) = postSolution
		{67A704E4-51B4-481E-B0F0-E3A6BDBB61EC}.Debug|Any CPU.ActiveCfg = Debug|Any CPU
		{67A704E4-51B4-481E-B0F0-E3A6BDBB61EC}.Debug|Any CPU.Build.0 = Debug|Any CPU
		{67A704E4-51B4-481E-B0F0-E3A6BDBB61EC}.Release|Any CPU.ActiveCfg = Release|Any CPU
		{67A704E4-51B4-481E-B0F0-E3A6BDBB61EC}.Release|Any CPU.Build.0 = Release|Any CPU
	EndGlobalSection
	GlobalSection(SolutionProperties) = preSolution
		HideSolutionNode = FALSE
	EndGlobalSection
	GlobalSection(ExtensibilityGlobals) = postSolution
		SolutionGuid = {799A961E-A12A-4222-9402-45EBB66CF6DD}
	EndGlobalSection
EndGlobal
